
Microsoft Visual Studio Solution File, Format Version 12.00
# Visual Studio Version 17
VisualStudioVersion = 17.9.34310.174
MinimumVisualStudioVersion = 10.0.40219.1
Project("{FAE04EC0-301F-11D3-BF4B-00C04F79EFBC}") = "criptografiaEHash", "criptografiaEHash.csproj", "{4D983968-A8B8-430B-97CA-4828F6AF5824}"
EndProject
Global
	GlobalSection(SolutionConfigurationPlatforms) = preSolution
		Debug|Any CPU = Debug|Any CPU
		Release|Any CPU = Release|Any CPU
	EndGlobalSection
	GlobalSection(ProjectConfigurationPlatforms) = postSolution
		{4D983968-A8B8-430B-97CA-4828F6AF5824}.Debug|Any CPU.ActiveCfg = Debug|Any CPU
		{4D983968-A8B8-430B-97CA-4828F6AF5824}.Debug|Any CPU.Build.0 = Debug|Any CPU
		{4D983968-A8B8-430B-97CA-4828F6AF5824}.Release|Any CPU.ActiveCfg = Release|Any CPU
		{4D983968-A8B8-430B-97CA-4828F6AF5824}.Release|Any CPU.Build.0 = Release|Any CPU
	EndGlobalSection
	GlobalSection(SolutionProperties) = preSolution
		HideSolutionNode = FALSE
	EndGlobalSection
	GlobalSection(ExtensibilityGlobals) = postSolution
		SolutionGuid = {59630A75-575D-4B6F-8B6F-9877272476DC}
	EndGlobalSection
EndGlobal
